// !$*UTF8*$!
{
	archiveVersion = 1;
	classes = {
	};
	objectVersion = 51;
	objects = {

/* Begin PBXBuildFile section */
		050BBE2023FD032000C87E1E /* AppDelegate.swift in Sources */ = {isa = PBXBuildFile; fileRef = 050BBE1F23FD032000C87E1E /* AppDelegate.swift */; };
		050BBE2223FD032000C87E1E /* SceneDelegate.swift in Sources */ = {isa = PBXBuildFile; fileRef = 050BBE2123FD032000C87E1E /* SceneDelegate.swift */; };
		050BBE2423FD032000C87E1E /* ViewController.swift in Sources */ = {isa = PBXBuildFile; fileRef = 050BBE2323FD032000C87E1E /* ViewController.swift */; };
		050BBE2723FD032000C87E1E /* Main.storyboard in Resources */ = {isa = PBXBuildFile; fileRef = 050BBE2523FD032000C87E1E /* Main.storyboard */; };
		050BBE2923FD032200C87E1E /* Assets.xcassets in Resources */ = {isa = PBXBuildFile; fileRef = 050BBE2823FD032200C87E1E /* Assets.xcassets */; };
		050BBE2C23FD032200C87E1E /* LaunchScreen.storyboard in Resources */ = {isa = PBXBuildFile; fileRef = 050BBE2A23FD032200C87E1E /* LaunchScreen.storyboard */; };
		050BBE3723FD065600C87E1E /* APIClient.swift in Sources */ = {isa = PBXBuildFile; fileRef = 050BBE3623FD065600C87E1E /* APIClient.swift */; };
		050BBE3A23FD06CD00C87E1E /* Configuration.swift in Sources */ = {isa = PBXBuildFile; fileRef = 050BBE3923FD06CD00C87E1E /* Configuration.swift */; };
		050BBE3C23FD095100C87E1E /* ImageService.swift in Sources */ = {isa = PBXBuildFile; fileRef = 050BBE3B23FD095100C87E1E /* ImageService.swift */; };
		050BBE3F23FD097500C87E1E /* ImagePack.swift in Sources */ = {isa = PBXBuildFile; fileRef = 050BBE3E23FD097500C87E1E /* ImagePack.swift */; };
		050BBE4223FD131500C87E1E /* MVVMViewController.swift in Sources */ = {isa = PBXBuildFile; fileRef = 050BBE4123FD131500C87E1E /* MVVMViewController.swift */; };
		050BBE4423FD132300C87E1E /* ReactorViewController.swift in Sources */ = {isa = PBXBuildFile; fileRef = 050BBE4323FD132300C87E1E /* ReactorViewController.swift */; };
		050BBE4623FD134000C87E1E /* MVVMViewController.storyboard in Resources */ = {isa = PBXBuildFile; fileRef = 050BBE4523FD134000C87E1E /* MVVMViewController.storyboard */; };
		050BBE4823FD135B00C87E1E /* ReactorViewController.storyboard in Resources */ = {isa = PBXBuildFile; fileRef = 050BBE4723FD135B00C87E1E /* ReactorViewController.storyboard */; };
		050BBE4A23FD136700C87E1E /* DetailViewController.swift in Sources */ = {isa = PBXBuildFile; fileRef = 050BBE4923FD136700C87E1E /* DetailViewController.swift */; };
		050BBE4C23FD137D00C87E1E /* DetailViewController.storyboard in Resources */ = {isa = PBXBuildFile; fileRef = 050BBE4B23FD137D00C87E1E /* DetailViewController.storyboard */; };
		050BBE4F23FD146E00C87E1E /* ImageCell.swift in Sources */ = {isa = PBXBuildFile; fileRef = 050BBE4E23FD146E00C87E1E /* ImageCell.swift */; };
		050BBE5123FD156100C87E1E /* ImageCell.xib in Resources */ = {isa = PBXBuildFile; fileRef = 050BBE5023FD156100C87E1E /* ImageCell.xib */; };
		050BBE5423FD162300C87E1E /* NSObject+Extension.swift in Sources */ = {isa = PBXBuildFile; fileRef = 050BBE5323FD162300C87E1E /* NSObject+Extension.swift */; };
		050BBE5623FD255C00C87E1E /* ImageViewModel.swift in Sources */ = {isa = PBXBuildFile; fileRef = 050BBE5523FD255C00C87E1E /* ImageViewModel.swift */; };
		050BBE5823FD26E800C87E1E /* Result+Extension.swift in Sources */ = {isa = PBXBuildFile; fileRef = 050BBE5723FD26E800C87E1E /* Result+Extension.swift */; };
		050BBE5B23FD28FE00C87E1E /* VCFactory.swift in Sources */ = {isa = PBXBuildFile; fileRef = 050BBE5A23FD28FE00C87E1E /* VCFactory.swift */; };
		050BBE5D23FD2AB100C87E1E /* Coordinator.swift in Sources */ = {isa = PBXBuildFile; fileRef = 050BBE5C23FD2AB100C87E1E /* Coordinator.swift */; };
		050BBE6023FE155500C87E1E /* ImageReactor.swift in Sources */ = {isa = PBXBuildFile; fileRef = 050BBE5F23FE155500C87E1E /* ImageReactor.swift */; };
		0543753E24E0D8ED0028AD6F /* ViewModelTests.swift in Sources */ = {isa = PBXBuildFile; fileRef = 0543753D24E0D8ED0028AD6F /* ViewModelTests.swift */; };
		0543754024E0D8F90028AD6F /* ReactorTests.swift in Sources */ = {isa = PBXBuildFile; fileRef = 0543753F24E0D8F90028AD6F /* ReactorTests.swift */; };
		0543754224E0D9EF0028AD6F /* ImageService+Testable.swift in Sources */ = {isa = PBXBuildFile; fileRef = 0543754124E0D9EF0028AD6F /* ImageService+Testable.swift */; };
		8A54245ED7AAE4DF65A12386 /* Pods_MVVMTests.framework in Frameworks */ = {isa = PBXBuildFile; fileRef = BB136012A11C1211726DFAEE /* Pods_MVVMTests.framework */; };
		B4A847583F6E7F7EEA8EBE09 /* Pods_MVVM.framework in Frameworks */ = {isa = PBXBuildFile; fileRef = 25C285515122AFA3C5405614 /* Pods_MVVM.framework */; };
/* End PBXBuildFile section */

/* Begin PBXContainerItemProxy section */
		0543753824E0D8CF0028AD6F /* PBXContainerItemProxy */ = {
			isa = PBXContainerItemProxy;
			containerPortal = 050BBE1423FD032000C87E1E /* Project object */;
			proxyType = 1;
			remoteGlobalIDString = 050BBE1B23FD032000C87E1E;
			remoteInfo = MVVM;
		};
/* End PBXContainerItemProxy section */

/* Begin PBXFileReference section */
		030038544947EE57213BDEF3 /* Pods-MVVM.debug.xcconfig */ = {isa = PBXFileReference; includeInIndex = 1; lastKnownFileType = text.xcconfig; name = "Pods-MVVM.debug.xcconfig"; path = "Target Support Files/Pods-MVVM/Pods-MVVM.debug.xcconfig"; sourceTree = "<group>"; };
		050BBE1C23FD032000C87E1E /* MVVM.app */ = {isa = PBXFileReference; explicitFileType = wrapper.application; includeInIndex = 0; path = MVVM.app; sourceTree = BUILT_PRODUCTS_DIR; };
		050BBE1F23FD032000C87E1E /* AppDelegate.swift */ = {isa = PBXFileReference; lastKnownFileType = sourcecode.swift; path = AppDelegate.swift; sourceTree = "<group>"; };
		050BBE2123FD032000C87E1E /* SceneDelegate.swift */ = {isa = PBXFileReference; lastKnownFileType = sourcecode.swift; path = SceneDelegate.swift; sourceTree = "<group>"; };
		050BBE2323FD032000C87E1E /* ViewController.swift */ = {isa = PBXFileReference; lastKnownFileType = sourcecode.swift; path = ViewController.swift; sourceTree = "<group>"; };
		050BBE2623FD032000C87E1E /* Base */ = {isa = PBXFileReference; lastKnownFileType = file.storyboard; name = Base; path = Base.lproj/Main.storyboard; sourceTree = "<group>"; };
		050BBE2823FD032200C87E1E /* Assets.xcassets */ = {isa = PBXFileReference; lastKnownFileType = folder.assetcatalog; path = Assets.xcassets; sourceTree = "<group>"; };
		050BBE2B23FD032200C87E1E /* Base */ = {isa = PBXFileReference; lastKnownFileType = file.storyboard; name = Base; path = Base.lproj/LaunchScreen.storyboard; sourceTree = "<group>"; };
		050BBE2D23FD032200C87E1E /* Info.plist */ = {isa = PBXFileReference; lastKnownFileType = text.plist.xml; path = Info.plist; sourceTree = "<group>"; };
		050BBE3623FD065600C87E1E /* APIClient.swift */ = {isa = PBXFileReference; lastKnownFileType = sourcecode.swift; path = APIClient.swift; sourceTree = "<group>"; };
		050BBE3923FD06CD00C87E1E /* Configuration.swift */ = {isa = PBXFileReference; lastKnownFileType = sourcecode.swift; path = Configuration.swift; sourceTree = "<group>"; };
		050BBE3B23FD095100C87E1E /* ImageService.swift */ = {isa = PBXFileReference; lastKnownFileType = sourcecode.swift; path = ImageService.swift; sourceTree = "<group>"; };
		050BBE3E23FD097500C87E1E /* ImagePack.swift */ = {isa = PBXFileReference; lastKnownFileType = sourcecode.swift; path = ImagePack.swift; sourceTree = "<group>"; };
		050BBE4123FD131500C87E1E /* MVVMViewController.swift */ = {isa = PBXFileReference; lastKnownFileType = sourcecode.swift; path = MVVMViewController.swift; sourceTree = "<group>"; };
		050BBE4323FD132300C87E1E /* ReactorViewController.swift */ = {isa = PBXFileReference; lastKnownFileType = sourcecode.swift; path = ReactorViewController.swift; sourceTree = "<group>"; };
		050BBE4523FD134000C87E1E /* MVVMViewController.storyboard */ = {isa = PBXFileReference; lastKnownFileType = file.storyboard; path = MVVMViewController.storyboard; sourceTree = "<group>"; };
		050BBE4723FD135B00C87E1E /* ReactorViewController.storyboard */ = {isa = PBXFileReference; lastKnownFileType = file.storyboard; path = ReactorViewController.storyboard; sourceTree = "<group>"; };
		050BBE4923FD136700C87E1E /* DetailViewController.swift */ = {isa = PBXFileReference; lastKnownFileType = sourcecode.swift; path = DetailViewController.swift; sourceTree = "<group>"; };
		050BBE4B23FD137D00C87E1E /* DetailViewController.storyboard */ = {isa = PBXFileReference; lastKnownFileType = file.storyboard; path = DetailViewController.storyboard; sourceTree = "<group>"; };
		050BBE4E23FD146E00C87E1E /* ImageCell.swift */ = {isa = PBXFileReference; lastKnownFileType = sourcecode.swift; path = ImageCell.swift; sourceTree = "<group>"; };
		050BBE5023FD156100C87E1E /* ImageCell.xib */ = {isa = PBXFileReference; lastKnownFileType = file.xib; path = ImageCell.xib; sourceTree = "<group>"; };
		050BBE5323FD162300C87E1E /* NSObject+Extension.swift */ = {isa = PBXFileReference; lastKnownFileType = sourcecode.swift; path = "NSObject+Extension.swift"; sourceTree = "<group>"; };
		050BBE5523FD255C00C87E1E /* ImageViewModel.swift */ = {isa = PBXFileReference; lastKnownFileType = sourcecode.swift; path = ImageViewModel.swift; sourceTree = "<group>"; };
		050BBE5723FD26E800C87E1E /* Result+Extension.swift */ = {isa = PBXFileReference; lastKnownFileType = sourcecode.swift; path = "Result+Extension.swift"; sourceTree = "<group>"; };
		050BBE5A23FD28FE00C87E1E /* VCFactory.swift */ = {isa = PBXFileReference; lastKnownFileType = sourcecode.swift; path = VCFactory.swift; sourceTree = "<group>"; };
		050BBE5C23FD2AB100C87E1E /* Coordinator.swift */ = {isa = PBXFileReference; lastKnownFileType = sourcecode.swift; path = Coordinator.swift; sourceTree = "<group>"; };
		050BBE5F23FE155500C87E1E /* ImageReactor.swift */ = {isa = PBXFileReference; lastKnownFileType = sourcecode.swift; path = ImageReactor.swift; sourceTree = "<group>"; };
		0543753324E0D8CF0028AD6F /* MVVMTests.xctest */ = {isa = PBXFileReference; explicitFileType = wrapper.cfbundle; includeInIndex = 0; path = MVVMTests.xctest; sourceTree = BUILT_PRODUCTS_DIR; };
		0543753724E0D8CF0028AD6F /* Info.plist */ = {isa = PBXFileReference; lastKnownFileType = text.plist.xml; path = Info.plist; sourceTree = "<group>"; };
		0543753D24E0D8ED0028AD6F /* ViewModelTests.swift */ = {isa = PBXFileReference; lastKnownFileType = sourcecode.swift; path = ViewModelTests.swift; sourceTree = "<group>"; };
		0543753F24E0D8F90028AD6F /* ReactorTests.swift */ = {isa = PBXFileReference; lastKnownFileType = sourcecode.swift; path = ReactorTests.swift; sourceTree = "<group>"; };
		0543754124E0D9EF0028AD6F /* ImageService+Testable.swift */ = {isa = PBXFileReference; lastKnownFileType = sourcecode.swift; path = "ImageService+Testable.swift"; sourceTree = "<group>"; };
		25C285515122AFA3C5405614 /* Pods_MVVM.framework */ = {isa = PBXFileReference; explicitFileType = wrapper.framework; includeInIndex = 0; path = Pods_MVVM.framework; sourceTree = BUILT_PRODUCTS_DIR; };
		4E29EFB16DE8048462039E7C /* Pods-MVVMTests.release.xcconfig */ = {isa = PBXFileReference; includeInIndex = 1; lastKnownFileType = text.xcconfig; name = "Pods-MVVMTests.release.xcconfig"; path = "Target Support Files/Pods-MVVMTests/Pods-MVVMTests.release.xcconfig"; sourceTree = "<group>"; };
		BB136012A11C1211726DFAEE /* Pods_MVVMTests.framework */ = {isa = PBXFileReference; explicitFileType = wrapper.framework; includeInIndex = 0; path = Pods_MVVMTests.framework; sourceTree = BUILT_PRODUCTS_DIR; };
		DF627F81A25192684B1659BC /* Pods-MVVMTests.debug.xcconfig */ = {isa = PBXFileReference; includeInIndex = 1; lastKnownFileType = text.xcconfig; name = "Pods-MVVMTests.debug.xcconfig"; path = "Target Support Files/Pods-MVVMTests/Pods-MVVMTests.debug.xcconfig"; sourceTree = "<group>"; };
		F6BFA5DD270D8F460CF5315E /* Pods-MVVM.release.xcconfig */ = {isa = PBXFileReference; includeInIndex = 1; lastKnownFileType = text.xcconfig; name = "Pods-MVVM.release.xcconfig"; path = "Target Support Files/Pods-MVVM/Pods-MVVM.release.xcconfig"; sourceTree = "<group>"; };
/* End PBXFileReference section */

/* Begin PBXFrameworksBuildPhase section */
		050BBE1923FD032000C87E1E /* Frameworks */ = {
			isa = PBXFrameworksBuildPhase;
			buildActionMask = 2147483647;
			files = (
				B4A847583F6E7F7EEA8EBE09 /* Pods_MVVM.framework in Frameworks */,
			);
			runOnlyForDeploymentPostprocessing = 0;
		};
		0543753024E0D8CF0028AD6F /* Frameworks */ = {
			isa = PBXFrameworksBuildPhase;
			buildActionMask = 2147483647;
			files = (
				8A54245ED7AAE4DF65A12386 /* Pods_MVVMTests.framework in Frameworks */,
			);
			runOnlyForDeploymentPostprocessing = 0;
		};
/* End PBXFrameworksBuildPhase section */

/* Begin PBXGroup section */
		050BBE1323FD032000C87E1E = {
			isa = PBXGroup;
			children = (
				050BBE1E23FD032000C87E1E /* MVVM */,
				0543753424E0D8CF0028AD6F /* MVVMTests */,
				050BBE1D23FD032000C87E1E /* Products */,
				961957C34EEC1CE6CCCF72CC /* Pods */,
				62833A0F7FB2EC0D3528CE04 /* Frameworks */,
			);
			sourceTree = "<group>";
		};
		050BBE1D23FD032000C87E1E /* Products */ = {
			isa = PBXGroup;
			children = (
				050BBE1C23FD032000C87E1E /* MVVM.app */,
				0543753324E0D8CF0028AD6F /* MVVMTests.xctest */,
			);
			name = Products;
			sourceTree = "<group>";
		};
		050BBE1E23FD032000C87E1E /* MVVM */ = {
			isa = PBXGroup;
			children = (
				050BBE5923FD28F400C87E1E /* Protocol */,
				050BBE5223FD161500C87E1E /* Extension */,
				050BBE4D23FD146300C87E1E /* Cell */,
				050BBE4023FD12EB00C87E1E /* Coordinator */,
				050BBE3D23FD096000C87E1E /* Model */,
				050BBE3823FD06C300C87E1E /* Configuration */,
				050BBE3523FD033700C87E1E /* ViewController */,
				050BBE3423FD033100C87E1E /* Service */,
				050BBE5E23FE154100C87E1E /* Reactor */,
				050BBE3323FD032900C87E1E /* ViewModel */,
				050BBE1F23FD032000C87E1E /* AppDelegate.swift */,
				050BBE2123FD032000C87E1E /* SceneDelegate.swift */,
				050BBE2323FD032000C87E1E /* ViewController.swift */,
				050BBE2523FD032000C87E1E /* Main.storyboard */,
				050BBE2823FD032200C87E1E /* Assets.xcassets */,
				050BBE2A23FD032200C87E1E /* LaunchScreen.storyboard */,
				050BBE2D23FD032200C87E1E /* Info.plist */,
			);
			path = MVVM;
			sourceTree = "<group>";
		};
		050BBE3323FD032900C87E1E /* ViewModel */ = {
			isa = PBXGroup;
			children = (
				050BBE5523FD255C00C87E1E /* ImageViewModel.swift */,
			);
			path = ViewModel;
			sourceTree = "<group>";
		};
		050BBE3423FD033100C87E1E /* Service */ = {
			isa = PBXGroup;
			children = (
				050BBE3623FD065600C87E1E /* APIClient.swift */,
				050BBE3B23FD095100C87E1E /* ImageService.swift */,
				0543754124E0D9EF0028AD6F /* ImageService+Testable.swift */,
			);
			path = Service;
			sourceTree = "<group>";
		};
		050BBE3523FD033700C87E1E /* ViewController */ = {
			isa = PBXGroup;
			children = (
				050BBE4123FD131500C87E1E /* MVVMViewController.swift */,
				050BBE4523FD134000C87E1E /* MVVMViewController.storyboard */,
				050BBE4323FD132300C87E1E /* ReactorViewController.swift */,
				050BBE4723FD135B00C87E1E /* ReactorViewController.storyboard */,
				050BBE4923FD136700C87E1E /* DetailViewController.swift */,
				050BBE4B23FD137D00C87E1E /* DetailViewController.storyboard */,
			);
			path = ViewController;
			sourceTree = "<group>";
		};
		050BBE3823FD06C300C87E1E /* Configuration */ = {
			isa = PBXGroup;
			children = (
				050BBE3923FD06CD00C87E1E /* Configuration.swift */,
			);
			path = Configuration;
			sourceTree = "<group>";
		};
		050BBE3D23FD096000C87E1E /* Model */ = {
			isa = PBXGroup;
			children = (
				050BBE3E23FD097500C87E1E /* ImagePack.swift */,
			);
			path = Model;
			sourceTree = "<group>";
		};
		050BBE4023FD12EB00C87E1E /* Coordinator */ = {
			isa = PBXGroup;
			children = (
				050BBE5C23FD2AB100C87E1E /* Coordinator.swift */,
			);
			path = Coordinator;
			sourceTree = "<group>";
		};
		050BBE4D23FD146300C87E1E /* Cell */ = {
			isa = PBXGroup;
			children = (
				050BBE4E23FD146E00C87E1E /* ImageCell.swift */,
				050BBE5023FD156100C87E1E /* ImageCell.xib */,
			);
			path = Cell;
			sourceTree = "<group>";
		};
		050BBE5223FD161500C87E1E /* Extension */ = {
			isa = PBXGroup;
			children = (
				050BBE5323FD162300C87E1E /* NSObject+Extension.swift */,
				050BBE5723FD26E800C87E1E /* Result+Extension.swift */,
			);
			path = Extension;
			sourceTree = "<group>";
		};
		050BBE5923FD28F400C87E1E /* Protocol */ = {
			isa = PBXGroup;
			children = (
				050BBE5A23FD28FE00C87E1E /* VCFactory.swift */,
			);
			path = Protocol;
			sourceTree = "<group>";
		};
		050BBE5E23FE154100C87E1E /* Reactor */ = {
			isa = PBXGroup;
			children = (
				050BBE5F23FE155500C87E1E /* ImageReactor.swift */,
			);
			path = Reactor;
			sourceTree = "<group>";
		};
		0543753424E0D8CF0028AD6F /* MVVMTests */ = {
			isa = PBXGroup;
			children = (
				0543753D24E0D8ED0028AD6F /* ViewModelTests.swift */,
				0543753F24E0D8F90028AD6F /* ReactorTests.swift */,
				0543753724E0D8CF0028AD6F /* Info.plist */,
			);
			path = MVVMTests;
			sourceTree = "<group>";
		};
		62833A0F7FB2EC0D3528CE04 /* Frameworks */ = {
			isa = PBXGroup;
			children = (
				25C285515122AFA3C5405614 /* Pods_MVVM.framework */,
				BB136012A11C1211726DFAEE /* Pods_MVVMTests.framework */,
			);
			name = Frameworks;
			sourceTree = "<group>";
		};
		961957C34EEC1CE6CCCF72CC /* Pods */ = {
			isa = PBXGroup;
			children = (
				030038544947EE57213BDEF3 /* Pods-MVVM.debug.xcconfig */,
				F6BFA5DD270D8F460CF5315E /* Pods-MVVM.release.xcconfig */,
				DF627F81A25192684B1659BC /* Pods-MVVMTests.debug.xcconfig */,
				4E29EFB16DE8048462039E7C /* Pods-MVVMTests.release.xcconfig */,
			);
			path = Pods;
			sourceTree = "<group>";
		};
/* End PBXGroup section */

/* Begin PBXNativeTarget section */
		050BBE1B23FD032000C87E1E /* MVVM */ = {
			isa = PBXNativeTarget;
			buildConfigurationList = 050BBE3023FD032200C87E1E /* Build configuration list for PBXNativeTarget "MVVM" */;
			buildPhases = (
				F12B027542B312246C55A2AC /* [CP] Check Pods Manifest.lock */,
				050BBE1823FD032000C87E1E /* Sources */,
				050BBE1923FD032000C87E1E /* Frameworks */,
				050BBE1A23FD032000C87E1E /* Resources */,
				B82A1FD1FF341F17C2BEDFB9 /* [CP] Embed Pods Frameworks */,
			);
			buildRules = (
			);
			dependencies = (
			);
			name = MVVM;
			productName = MVVM;
			productReference = 050BBE1C23FD032000C87E1E /* MVVM.app */;
			productType = "com.apple.product-type.application";
		};
		0543753224E0D8CF0028AD6F /* MVVMTests */ = {
			isa = PBXNativeTarget;
			buildConfigurationList = 0543753C24E0D8CF0028AD6F /* Build configuration list for PBXNativeTarget "MVVMTests" */;
			buildPhases = (
				13DAB55F504F3A6CDBC3B16F /* [CP] Check Pods Manifest.lock */,
				0543752F24E0D8CF0028AD6F /* Sources */,
				0543753024E0D8CF0028AD6F /* Frameworks */,
				0543753124E0D8CF0028AD6F /* Resources */,
				AACAD67730468056C2DAC0E0 /* [CP] Embed Pods Frameworks */,
			);
			buildRules = (
			);
			dependencies = (
				0543753924E0D8CF0028AD6F /* PBXTargetDependency */,
			);
			name = MVVMTests;
			productName = MVVMTests;
			productReference = 0543753324E0D8CF0028AD6F /* MVVMTests.xctest */;
			productType = "com.apple.product-type.bundle.unit-test";
		};
/* End PBXNativeTarget section */

/* Begin PBXProject section */
		050BBE1423FD032000C87E1E /* Project object */ = {
			isa = PBXProject;
			attributes = {
				LastSwiftUpdateCheck = 1150;
				LastUpgradeCheck = 1130;
				ORGANIZATIONNAME = Practice;
				TargetAttributes = {
					050BBE1B23FD032000C87E1E = {
						CreatedOnToolsVersion = 11.3.1;
					};
					0543753224E0D8CF0028AD6F = {
						CreatedOnToolsVersion = 11.5;
						TestTargetID = 050BBE1B23FD032000C87E1E;
					};
				};
			};
			buildConfigurationList = 050BBE1723FD032000C87E1E /* Build configuration list for PBXProject "MVVM" */;
			compatibilityVersion = "Xcode 9.3";
			developmentRegion = en;
			hasScannedForEncodings = 0;
			knownRegions = (
				en,
				Base,
			);
			mainGroup = 050BBE1323FD032000C87E1E;
			productRefGroup = 050BBE1D23FD032000C87E1E /* Products */;
			projectDirPath = "";
			projectRoot = "";
			targets = (
				050BBE1B23FD032000C87E1E /* MVVM */,
				0543753224E0D8CF0028AD6F /* MVVMTests */,
			);
		};
/* End PBXProject section */

/* Begin PBXResourcesBuildPhase section */
		050BBE1A23FD032000C87E1E /* Resources */ = {
			isa = PBXResourcesBuildPhase;
			buildActionMask = 2147483647;
			files = (
				050BBE2C23FD032200C87E1E /* LaunchScreen.storyboard in Resources */,
				050BBE4823FD135B00C87E1E /* ReactorViewController.storyboard in Resources */,
				050BBE5123FD156100C87E1E /* ImageCell.xib in Resources */,
				050BBE2923FD032200C87E1E /* Assets.xcassets in Resources */,
				050BBE2723FD032000C87E1E /* Main.storyboard in Resources */,
				050BBE4C23FD137D00C87E1E /* DetailViewController.storyboard in Resources */,
				050BBE4623FD134000C87E1E /* MVVMViewController.storyboard in Resources */,
			);
			runOnlyForDeploymentPostprocessing = 0;
		};
		0543753124E0D8CF0028AD6F /* Resources */ = {
			isa = PBXResourcesBuildPhase;
			buildActionMask = 2147483647;
			files = (
			);
			runOnlyForDeploymentPostprocessing = 0;
		};
/* End PBXResourcesBuildPhase section */

/* Begin PBXShellScriptBuildPhase section */
		13DAB55F504F3A6CDBC3B16F /* [CP] Check Pods Manifest.lock */ = {
			isa = PBXShellScriptBuildPhase;
			buildActionMask = 2147483647;
			files = (
			);
			inputFileListPaths = (
			);
			inputPaths = (
				"${PODS_PODFILE_DIR_PATH}/Podfile.lock",
				"${PODS_ROOT}/Manifest.lock",
			);
			name = "[CP] Check Pods Manifest.lock";
			outputFileListPaths = (
			);
			outputPaths = (
				"$(DERIVED_FILE_DIR)/Pods-MVVMTests-checkManifestLockResult.txt",
			);
			runOnlyForDeploymentPostprocessing = 0;
			shellPath = /bin/sh;
			shellScript = "diff \"${PODS_PODFILE_DIR_PATH}/Podfile.lock\" \"${PODS_ROOT}/Manifest.lock\" > /dev/null\nif [ $? != 0 ] ; then\n    # print error to STDERR\n    echo \"error: The sandbox is not in sync with the Podfile.lock. Run 'pod install' or update your CocoaPods installation.\" >&2\n    exit 1\nfi\n# This output is used by Xcode 'outputs' to avoid re-running this script phase.\necho \"SUCCESS\" > \"${SCRIPT_OUTPUT_FILE_0}\"\n";
			showEnvVarsInLog = 0;
		};
		AACAD67730468056C2DAC0E0 /* [CP] Embed Pods Frameworks */ = {
			isa = PBXShellScriptBuildPhase;
			buildActionMask = 2147483647;
			files = (
			);
			inputFileListPaths = (
				"${PODS_ROOT}/Target Support Files/Pods-MVVMTests/Pods-MVVMTests-frameworks-${CONFIGURATION}-input-files.xcfilelist",
			);
			name = "[CP] Embed Pods Frameworks";
			outputFileListPaths = (
				"${PODS_ROOT}/Target Support Files/Pods-MVVMTests/Pods-MVVMTests-frameworks-${CONFIGURATION}-output-files.xcfilelist",
			);
			runOnlyForDeploymentPostprocessing = 0;
			shellPath = /bin/sh;
			shellScript = "\"${PODS_ROOT}/Target Support Files/Pods-MVVMTests/Pods-MVVMTests-frameworks.sh\"\n";
			showEnvVarsInLog = 0;
		};
		B82A1FD1FF341F17C2BEDFB9 /* [CP] Embed Pods Frameworks */ = {
			isa = PBXShellScriptBuildPhase;
			buildActionMask = 2147483647;
			files = (
			);
			inputFileListPaths = (
				"${PODS_ROOT}/Target Support Files/Pods-MVVM/Pods-MVVM-frameworks-${CONFIGURATION}-input-files.xcfilelist",
			);
			name = "[CP] Embed Pods Frameworks";
			outputFileListPaths = (
				"${PODS_ROOT}/Target Support Files/Pods-MVVM/Pods-MVVM-frameworks-${CONFIGURATION}-output-files.xcfilelist",
			);
			runOnlyForDeploymentPostprocessing = 0;
			shellPath = /bin/sh;
			shellScript = "\"${PODS_ROOT}/Target Support Files/Pods-MVVM/Pods-MVVM-frameworks.sh\"\n";
			showEnvVarsInLog = 0;
		};
		F12B027542B312246C55A2AC /* [CP] Check Pods Manifest.lock */ = {
			isa = PBXShellScriptBuildPhase;
			buildActionMask = 2147483647;
			files = (
			);
			inputFileListPaths = (
			);
			inputPaths = (
				"${PODS_PODFILE_DIR_PATH}/Podfile.lock",
				"${PODS_ROOT}/Manifest.lock",
			);
			name = "[CP] Check Pods Manifest.lock";
			outputFileListPaths = (
			);
			outputPaths = (
				"$(DERIVED_FILE_DIR)/Pods-MVVM-checkManifestLockResult.txt",
			);
			runOnlyForDeploymentPostprocessing = 0;
			shellPath = /bin/sh;
			shellScript = "diff \"${PODS_PODFILE_DIR_PATH}/Podfile.lock\" \"${PODS_ROOT}/Manifest.lock\" > /dev/null\nif [ $? != 0 ] ; then\n    # print error to STDERR\n    echo \"error: The sandbox is not in sync with the Podfile.lock. Run 'pod install' or update your CocoaPods installation.\" >&2\n    exit 1\nfi\n# This output is used by Xcode 'outputs' to avoid re-running this script phase.\necho \"SUCCESS\" > \"${SCRIPT_OUTPUT_FILE_0}\"\n";
			showEnvVarsInLog = 0;
		};
/* End PBXShellScriptBuildPhase section */

/* Begin PBXSourcesBuildPhase section */
		050BBE1823FD032000C87E1E /* Sources */ = {
			isa = PBXSourcesBuildPhase;
			buildActionMask = 2147483647;
			files = (
				050BBE5D23FD2AB100C87E1E /* Coordinator.swift in Sources */,
				050BBE2423FD032000C87E1E /* ViewController.swift in Sources */,
				050BBE4423FD132300C87E1E /* ReactorViewController.swift in Sources */,
				050BBE4F23FD146E00C87E1E /* ImageCell.swift in Sources */,
				050BBE4223FD131500C87E1E /* MVVMViewController.swift in Sources */,
				050BBE3A23FD06CD00C87E1E /* Configuration.swift in Sources */,
				050BBE3F23FD097500C87E1E /* ImagePack.swift in Sources */,
				050BBE5823FD26E800C87E1E /* Result+Extension.swift in Sources */,
				050BBE2023FD032000C87E1E /* AppDelegate.swift in Sources */,
				0543754224E0D9EF0028AD6F /* ImageService+Testable.swift in Sources */,
				050BBE2223FD032000C87E1E /* SceneDelegate.swift in Sources */,
				050BBE5B23FD28FE00C87E1E /* VCFactory.swift in Sources */,
				050BBE4A23FD136700C87E1E /* DetailViewController.swift in Sources */,
				050BBE3723FD065600C87E1E /* APIClient.swift in Sources */,
				050BBE3C23FD095100C87E1E /* ImageService.swift in Sources */,
				050BBE6023FE155500C87E1E /* ImageReactor.swift in Sources */,
				050BBE5423FD162300C87E1E /* NSObject+Extension.swift in Sources */,
				050BBE5623FD255C00C87E1E /* ImageViewModel.swift in Sources */,
			);
			runOnlyForDeploymentPostprocessing = 0;
		};
		0543752F24E0D8CF0028AD6F /* Sources */ = {
			isa = PBXSourcesBuildPhase;
			buildActionMask = 2147483647;
			files = (
				0543754024E0D8F90028AD6F /* ReactorTests.swift in Sources */,
				0543753E24E0D8ED0028AD6F /* ViewModelTests.swift in Sources */,
			);
			runOnlyForDeploymentPostprocessing = 0;
		};
/* End PBXSourcesBuildPhase section */

/* Begin PBXTargetDependency section */
		0543753924E0D8CF0028AD6F /* PBXTargetDependency */ = {
			isa = PBXTargetDependency;
			target = 050BBE1B23FD032000C87E1E /* MVVM */;
			targetProxy = 0543753824E0D8CF0028AD6F /* PBXContainerItemProxy */;
		};
/* End PBXTargetDependency section */

/* Begin PBXVariantGroup section */
		050BBE2523FD032000C87E1E /* Main.storyboard */ = {
			isa = PBXVariantGroup;
			children = (
				050BBE2623FD032000C87E1E /* Base */,
			);
			name = Main.storyboard;
			sourceTree = "<group>";
		};
		050BBE2A23FD032200C87E1E /* LaunchScreen.storyboard */ = {
			isa = PBXVariantGroup;
			children = (
				050BBE2B23FD032200C87E1E /* Base */,
			);
			name = LaunchScreen.storyboard;
			sourceTree = "<group>";
		};
/* End PBXVariantGroup section */

/* Begin XCBuildConfiguration section */
		050BBE2E23FD032200C87E1E /* Debug */ = {
			isa = XCBuildConfiguration;
			buildSettings = {
				ALWAYS_SEARCH_USER_PATHS = NO;
				CLANG_ANALYZER_NONNULL = YES;
				CLANG_ANALYZER_NUMBER_OBJECT_CONVERSION = YES_AGGRESSIVE;
				CLANG_CXX_LANGUAGE_STANDARD = "gnu++14";
				CLANG_CXX_LIBRARY = "libc++";
				CLANG_ENABLE_MODULES = YES;
				CLANG_ENABLE_OBJC_ARC = YES;
				CLANG_ENABLE_OBJC_WEAK = YES;
				CLANG_WARN_BLOCK_CAPTURE_AUTORELEASING = YES;
				CLANG_WARN_BOOL_CONVERSION = YES;
				CLANG_WARN_COMMA = YES;
				CLANG_WARN_CONSTANT_CONVERSION = YES;
				CLANG_WARN_DEPRECATED_OBJC_IMPLEMENTATIONS = YES;
				CLANG_WARN_DIRECT_OBJC_ISA_USAGE = YES_ERROR;
				CLANG_WARN_DOCUMENTATION_COMMENTS = YES;
				CLANG_WARN_EMPTY_BODY = YES;
				CLANG_WARN_ENUM_CONVERSION = YES;
				CLANG_WARN_INFINITE_RECURSION = YES;
				CLANG_WARN_INT_CONVERSION = YES;
				CLANG_WARN_NON_LITERAL_NULL_CONVERSION = YES;
				CLANG_WARN_OBJC_IMPLICIT_RETAIN_SELF = YES;
				CLANG_WARN_OBJC_LITERAL_CONVERSION = YES;
				CLANG_WARN_OBJC_ROOT_CLASS = YES_ERROR;
				CLANG_WARN_RANGE_LOOP_ANALYSIS = YES;
				CLANG_WARN_STRICT_PROTOTYPES = YES;
				CLANG_WARN_SUSPICIOUS_MOVE = YES;
				CLANG_WARN_UNGUARDED_AVAILABILITY = YES_AGGRESSIVE;
				CLANG_WARN_UNREACHABLE_CODE = YES;
				CLANG_WARN__DUPLICATE_METHOD_MATCH = YES;
				COPY_PHASE_STRIP = NO;
				DEBUG_INFORMATION_FORMAT = dwarf;
				ENABLE_STRICT_OBJC_MSGSEND = YES;
				ENABLE_TESTABILITY = YES;
				GCC_C_LANGUAGE_STANDARD = gnu11;
				GCC_DYNAMIC_NO_PIC = NO;
				GCC_NO_COMMON_BLOCKS = YES;
				GCC_OPTIMIZATION_LEVEL = 0;
				GCC_PREPROCESSOR_DEFINITIONS = (
					"DEBUG=1",
					"$(inherited)",
				);
				GCC_WARN_64_TO_32_BIT_CONVERSION = YES;
				GCC_WARN_ABOUT_RETURN_TYPE = YES_ERROR;
				GCC_WARN_UNDECLARED_SELECTOR = YES;
				GCC_WARN_UNINITIALIZED_AUTOS = YES_AGGRESSIVE;
				GCC_WARN_UNUSED_FUNCTION = YES;
				GCC_WARN_UNUSED_VARIABLE = YES;
				IPHONEOS_DEPLOYMENT_TARGET = 13.2;
				MTL_ENABLE_DEBUG_INFO = INCLUDE_SOURCE;
				MTL_FAST_MATH = YES;
				ONLY_ACTIVE_ARCH = YES;
				SDKROOT = iphoneos;
				SWIFT_ACTIVE_COMPILATION_CONDITIONS = DEBUG;
				SWIFT_OPTIMIZATION_LEVEL = "-Onone";
			};
			name = Debug;
		};
		050BBE2F23FD032200C87E1E /* Release */ = {
			isa = XCBuildConfiguration;
			buildSettings = {
				ALWAYS_SEARCH_USER_PATHS = NO;
				CLANG_ANALYZER_NONNULL = YES;
				CLANG_ANALYZER_NUMBER_OBJECT_CONVERSION = YES_AGGRESSIVE;
				CLANG_CXX_LANGUAGE_STANDARD = "gnu++14";
				CLANG_CXX_LIBRARY = "libc++";
				CLANG_ENABLE_MODULES = YES;
				CLANG_ENABLE_OBJC_ARC = YES;
				CLANG_ENABLE_OBJC_WEAK = YES;
				CLANG_WARN_BLOCK_CAPTURE_AUTORELEASING = YES;
				CLANG_WARN_BOOL_CONVERSION = YES;
				CLANG_WARN_COMMA = YES;
				CLANG_WARN_CONSTANT_CONVERSION = YES;
				CLANG_WARN_DEPRECATED_OBJC_IMPLEMENTATIONS = YES;
				CLANG_WARN_DIRECT_OBJC_ISA_USAGE = YES_ERROR;
				CLANG_WARN_DOCUMENTATION_COMMENTS = YES;
				CLANG_WARN_EMPTY_BODY = YES;
				CLANG_WARN_ENUM_CONVERSION = YES;
				CLANG_WARN_INFINITE_RECURSION = YES;
				CLANG_WARN_INT_CONVERSION = YES;
				CLANG_WARN_NON_LITERAL_NULL_CONVERSION = YES;
				CLANG_WARN_OBJC_IMPLICIT_RETAIN_SELF = YES;
				CLANG_WARN_OBJC_LITERAL_CONVERSION = YES;
				CLANG_WARN_OBJC_ROOT_CLASS = YES_ERROR;
				CLANG_WARN_RANGE_LOOP_ANALYSIS = YES;
				CLANG_WARN_STRICT_PROTOTYPES = YES;
				CLANG_WARN_SUSPICIOUS_MOVE = YES;
				CLANG_WARN_UNGUARDED_AVAILABILITY = YES_AGGRESSIVE;
				CLANG_WARN_UNREACHABLE_CODE = YES;
				CLANG_WARN__DUPLICATE_METHOD_MATCH = YES;
				COPY_PHASE_STRIP = NO;
				DEBUG_INFORMATION_FORMAT = "dwarf-with-dsym";
				ENABLE_NS_ASSERTIONS = NO;
				ENABLE_STRICT_OBJC_MSGSEND = YES;
				GCC_C_LANGUAGE_STANDARD = gnu11;
				GCC_NO_COMMON_BLOCKS = YES;
				GCC_WARN_64_TO_32_BIT_CONVERSION = YES;
				GCC_WARN_ABOUT_RETURN_TYPE = YES_ERROR;
				GCC_WARN_UNDECLARED_SELECTOR = YES;
				GCC_WARN_UNINITIALIZED_AUTOS = YES_AGGRESSIVE;
				GCC_WARN_UNUSED_FUNCTION = YES;
				GCC_WARN_UNUSED_VARIABLE = YES;
				IPHONEOS_DEPLOYMENT_TARGET = 13.2;
				MTL_ENABLE_DEBUG_INFO = NO;
				MTL_FAST_MATH = YES;
				SDKROOT = iphoneos;
				SWIFT_COMPILATION_MODE = wholemodule;
				SWIFT_OPTIMIZATION_LEVEL = "-O";
				VALIDATE_PRODUCT = YES;
			};
			name = Release;
		};
		050BBE3123FD032200C87E1E /* Debug */ = {
			isa = XCBuildConfiguration;
			baseConfigurationReference = 030038544947EE57213BDEF3 /* Pods-MVVM.debug.xcconfig */;
			buildSettings = {
				ASSETCATALOG_COMPILER_APPICON_NAME = AppIcon;
				CODE_SIGN_STYLE = Automatic;
				DEVELOPMENT_TEAM = JEE7G9T639;
				INFOPLIST_FILE = MVVM/Info.plist;
				LD_RUNPATH_SEARCH_PATHS = (
					"$(inherited)",
					"@executable_path/Frameworks",
				);
				PRODUCT_BUNDLE_IDENTIFIER = Practice.MVVM;
				PRODUCT_NAME = "$(TARGET_NAME)";
				SWIFT_VERSION = 5.0;
				TARGETED_DEVICE_FAMILY = "1,2";
			};
			name = Debug;
		};
		050BBE3223FD032200C87E1E /* Release */ = {
			isa = XCBuildConfiguration;
			baseConfigurationReference = F6BFA5DD270D8F460CF5315E /* Pods-MVVM.release.xcconfig */;
			buildSettings = {
				ASSETCATALOG_COMPILER_APPICON_NAME = AppIcon;
				CODE_SIGN_STYLE = Automatic;
				DEVELOPMENT_TEAM = JEE7G9T639;
				INFOPLIST_FILE = MVVM/Info.plist;
				LD_RUNPATH_SEARCH_PATHS = (
					"$(inherited)",
					"@executable_path/Frameworks",
				);
				PRODUCT_BUNDLE_IDENTIFIER = Practice.MVVM;
				PRODUCT_NAME = "$(TARGET_NAME)";
				SWIFT_VERSION = 5.0;
				TARGETED_DEVICE_FAMILY = "1,2";
			};
			name = Release;
		};
		0543753A24E0D8CF0028AD6F /* Debug */ = {
			isa = XCBuildConfiguration;
			baseConfigurationReference = DF627F81A25192684B1659BC /* Pods-MVVMTests.debug.xcconfig */;
			buildSettings = {
				BUNDLE_LOADER = "$(TEST_HOST)";
				CODE_SIGN_STYLE = Automatic;
				INFOPLIST_FILE = MVVMTests/Info.plist;
				IPHONEOS_DEPLOYMENT_TARGET = 13.5;
				LD_RUNPATH_SEARCH_PATHS = (
					"$(inherited)",
					"@executable_path/Frameworks",
					"@loader_path/Frameworks",
				);
				PRODUCT_BUNDLE_IDENTIFIER = Practice.MVVMTests.MVVMTests;
				PRODUCT_NAME = "$(TARGET_NAME)";
				SWIFT_VERSION = 5.0;
				TARGETED_DEVICE_FAMILY = "1,2";
				TEST_HOST = "$(BUILT_PRODUCTS_DIR)/MVVM.app/MVVM";
			};
			name = Debug;
		};
		0543753B24E0D8CF0028AD6F /* Release */ = {
			isa = XCBuildConfiguration;
			baseConfigurationReference = 4E29EFB16DE8048462039E7C /* Pods-MVVMTests.release.xcconfig */;
			buildSettings = {
				BUNDLE_LOADER = "$(TEST_HOST)";
				CODE_SIGN_STYLE = Automatic;
				INFOPLIST_FILE = MVVMTests/Info.plist;
				IPHONEOS_DEPLOYMENT_TARGET = 13.5;
				LD_RUNPATH_SEARCH_PATHS = (
					"$(inherited)",
					"@executable_path/Frameworks",
					"@loader_path/Frameworks",
				);
				PRODUCT_BUNDLE_IDENTIFIER = Practice.MVVMTests.MVVMTests;
				PRODUCT_NAME = "$(TARGET_NAME)";
				SWIFT_VERSION = 5.0;
				TARGETED_DEVICE_FAMILY = "1,2";
				TEST_HOST = "$(BUILT_PRODUCTS_DIR)/MVVM.app/MVVM";
			};
			name = Release;
		};
/* End XCBuildConfiguration section */

/* Begin XCConfigurationList section */
		050BBE1723FD032000C87E1E /* Build configuration list for PBXProject "MVVM" */ = {
			isa = XCConfigurationList;
			buildConfigurations = (
				050BBE2E23FD032200C87E1E /* Debug */,
				050BBE2F23FD032200C87E1E /* Release */,
			);
			defaultConfigurationIsVisible = 0;
			defaultConfigurationName = Release;
		};
		050BBE3023FD032200C87E1E /* Build configuration list for PBXNativeTarget "MVVM" */ = {
			isa = XCConfigurationList;
			buildConfigurations = (
				050BBE3123FD032200C87E1E /* Debug */,
				050BBE3223FD032200C87E1E /* Release */,
			);
			defaultConfigurationIsVisible = 0;
			defaultConfigurationName = Release;
		};
		0543753C24E0D8CF0028AD6F /* Build configuration list for PBXNativeTarget "MVVMTests" */ = {
			isa = XCConfigurationList;
			buildConfigurations = (
				0543753A24E0D8CF0028AD6F /* Debug */,
				0543753B24E0D8CF0028AD6F /* Release */,
			);
			defaultConfigurationIsVisible = 0;
			defaultConfigurationName = Release;
		};
/* End XCConfigurationList section */
	};
	rootObject = 050BBE1423FD032000C87E1E /* Project object */;
}
